// !$*UTF8*$!
{
	archiveVersion = 1;
	classes = {
	};
	objectVersion = 50;
	objects = {

/* Begin PBXBuildFile section */
		049D296F209ED5B000497CAC /* t_repost@2x.png in Resources */ = {isa = PBXBuildFile; fileRef = 049D295F209ED5B000497CAC /* t_repost@2x.png */; };
		049D2970209ED5B000497CAC /* t_comments@2x.png in Resources */ = {isa = PBXBuildFile; fileRef = 049D2960209ED5B000497CAC /* t_comments@2x.png */; };
		049D2971209ED5B000497CAC /* Assets.xcassets in Resources */ = {isa = PBXBuildFile; fileRef = 049D2962209ED5B000497CAC /* Assets.xcassets */; };
		049D2972209ED5B000497CAC /* corner_circle@2x.png in Resources */ = {isa = PBXBuildFile; fileRef = 049D2963209ED5B000497CAC /* corner_circle@2x.png */; };
		049D2973209ED5B000497CAC /* data.plist in Resources */ = {isa = PBXBuildFile; fileRef = 049D2964209ED5B000497CAC /* data.plist */; };
		049D2974209ED5B000497CAC /* main.m in Sources */ = {isa = PBXBuildFile; fileRef = 049D2965209ED5B000497CAC /* main.m */; };
		049D2975209ED5B000497CAC /* AppDelegate.m in Sources */ = {isa = PBXBuildFile; fileRef = 049D2966209ED5B000497CAC /* AppDelegate.m */; };
		049D2977209ED5B000497CAC /* MXViewController.m in Sources */ = {isa = PBXBuildFile; fileRef = 049D296D209ED5B000497CAC /* MXViewController.m */; };
		049D2978209ED5B000497CAC /* MXBestTableView.m in Sources */ = {isa = PBXBuildFile; fileRef = 049D296E209ED5B000497CAC /* MXBestTableView.m */; };
		049D297D209ED73F00497CAC /* MXBestTableViewCell.m in Sources */ = {isa = PBXBuildFile; fileRef = 049D297C209ED73E00497CAC /* MXBestTableViewCell.m */; };
		049D2985209EE50100497CAC /* NSString+Additions.m in Sources */ = {isa = PBXBuildFile; fileRef = 049D297F209EE50000497CAC /* NSString+Additions.m */; };
		049D2986209EE50100497CAC /* UIView+Additions.m in Sources */ = {isa = PBXBuildFile; fileRef = 049D2980209EE50000497CAC /* UIView+Additions.m */; };
		049D2987209EE50100497CAC /* UIScreen+Additions.m in Sources */ = {isa = PBXBuildFile; fileRef = 049D2983209EE50000497CAC /* UIScreen+Additions.m */; };
		049D298A209EEBBD00497CAC /* MXContent.m in Sources */ = {isa = PBXBuildFile; fileRef = 049D2989209EEBBD00497CAC /* MXContent.m */; };
		049D298C209EEEF600497CAC /* Launch Screen.storyboard in Resources */ = {isa = PBXBuildFile; fileRef = 049D298B209EEEF600497CAC /* Launch Screen.storyboard */; };
		497A0BF9B46FF187861EFC27 /* libPods-OptimizedTableView.a in Frameworks */ = {isa = PBXBuildFile; fileRef = 4CCC5C61C6316B98CBA15A04 /* libPods-OptimizedTableView.a */; };
/* End PBXBuildFile section */

/* Begin PBXFileReference section */
		049D293F209DAD6500497CAC /* OptimizedTableView.app */ = {isa = PBXFileReference; explicitFileType = wrapper.application; includeInIndex = 0; path = OptimizedTableView.app; sourceTree = BUILT_PRODUCTS_DIR; };
		049D295F209ED5B000497CAC /* t_repost@2x.png */ = {isa = PBXFileReference; lastKnownFileType = image.png; path = "t_repost@2x.png"; sourceTree = "<group>"; };
		049D2960209ED5B000497CAC /* t_comments@2x.png */ = {isa = PBXFileReference; lastKnownFileType = image.png; path = "t_comments@2x.png"; sourceTree = "<group>"; };
		049D2961209ED5B000497CAC /* AppDelegate.h */ = {isa = PBXFileReference; fileEncoding = 4; lastKnownFileType = sourcecode.c.h; path = AppDelegate.h; sourceTree = "<group>"; };
		049D2962209ED5B000497CAC /* Assets.xcassets */ = {isa = PBXFileReference; lastKnownFileType = folder.assetcatalog; path = Assets.xcassets; sourceTree = "<group>"; };
		049D2963209ED5B000497CAC /* corner_circle@2x.png */ = {isa = PBXFileReference; lastKnownFileType = image.png; path = "corner_circle@2x.png"; sourceTree = "<group>"; };
		049D2964209ED5B000497CAC /* data.plist */ = {isa = PBXFileReference; fileEncoding = 4; lastKnownFileType = text.plist.xml; path = data.plist; sourceTree = "<group>"; };
		049D2965209ED5B000497CAC /* main.m */ = {isa = PBXFileReference; fileEncoding = 4; lastKnownFileType = sourcecode.c.objc; path = main.m; sourceTree = "<group>"; };
		049D2966209ED5B000497CAC /* AppDelegate.m */ = {isa = PBXFileReference; fileEncoding = 4; lastKnownFileType = sourcecode.c.objc; path = AppDelegate.m; sourceTree = "<group>"; };
		049D296B209ED5B000497CAC /* MXViewController.h */ = {isa = PBXFileReference; fileEncoding = 4; lastKnownFileType = sourcecode.c.h; path = MXViewController.h; sourceTree = "<group>"; };
		049D296C209ED5B000497CAC /* MXBestTableView.h */ = {isa = PBXFileReference; fileEncoding = 4; lastKnownFileType = sourcecode.c.h; path = MXBestTableView.h; sourceTree = "<group>"; };
		049D296D209ED5B000497CAC /* MXViewController.m */ = {isa = PBXFileReference; fileEncoding = 4; lastKnownFileType = sourcecode.c.objc; path = MXViewController.m; sourceTree = "<group>"; };
		049D296E209ED5B000497CAC /* MXBestTableView.m */ = {isa = PBXFileReference; fileEncoding = 4; lastKnownFileType = sourcecode.c.objc; path = MXBestTableView.m; sourceTree = "<group>"; };
		049D2979209ED5DB00497CAC /* Info.plist */ = {isa = PBXFileReference; fileEncoding = 4; lastKnownFileType = text.plist.xml; name = Info.plist; path = OptimizedTableView/Info.plist; sourceTree = "<group>"; };
		049D297B209ED73E00497CAC /* MXBestTableViewCell.h */ = {isa = PBXFileReference; lastKnownFileType = sourcecode.c.h; path = MXBestTableViewCell.h; sourceTree = "<group>"; };
		049D297C209ED73E00497CAC /* MXBestTableViewCell.m */ = {isa = PBXFileReference; lastKnownFileType = sourcecode.c.objc; path = MXBestTableViewCell.m; sourceTree = "<group>"; };
		049D297F209EE50000497CAC /* NSString+Additions.m */ = {isa = PBXFileReference; fileEncoding = 4; lastKnownFileType = sourcecode.c.objc; path = "NSString+Additions.m"; sourceTree = "<group>"; };
		049D2980209EE50000497CAC /* UIView+Additions.m */ = {isa = PBXFileReference; fileEncoding = 4; lastKnownFileType = sourcecode.c.objc; path = "UIView+Additions.m"; sourceTree = "<group>"; };
		049D2981209EE50000497CAC /* UIScreen+Additions.h */ = {isa = PBXFileReference; fileEncoding = 4; lastKnownFileType = sourcecode.c.h; path = "UIScreen+Additions.h"; sourceTree = "<group>"; };
		049D2982209EE50000497CAC /* NSString+Additions.h */ = {isa = PBXFileReference; fileEncoding = 4; lastKnownFileType = sourcecode.c.h; path = "NSString+Additions.h"; sourceTree = "<group>"; };
		049D2983209EE50000497CAC /* UIScreen+Additions.m */ = {isa = PBXFileReference; fileEncoding = 4; lastKnownFileType = sourcecode.c.objc; path = "UIScreen+Additions.m"; sourceTree = "<group>"; };
		049D2984209EE50000497CAC /* UIView+Additions.h */ = {isa = PBXFileReference; fileEncoding = 4; lastKnownFileType = sourcecode.c.h; path = "UIView+Additions.h"; sourceTree = "<group>"; };
		049D2988209EEBBD00497CAC /* MXContent.h */ = {isa = PBXFileReference; lastKnownFileType = sourcecode.c.h; path = MXContent.h; sourceTree = "<group>"; };
		049D2989209EEBBD00497CAC /* MXContent.m */ = {isa = PBXFileReference; lastKnownFileType = sourcecode.c.objc; path = MXContent.m; sourceTree = "<group>"; };
		049D298B209EEEF600497CAC /* Launch Screen.storyboard */ = {isa = PBXFileReference; lastKnownFileType = file.storyboard; path = "Launch Screen.storyboard"; sourceTree = "<group>"; };
		2A0E91D0A635E2E7E491FC76 /* Pods-OptimizedTableView.debug.xcconfig */ = {isa = PBXFileReference; includeInIndex = 1; lastKnownFileType = text.xcconfig; name = "Pods-OptimizedTableView.debug.xcconfig"; path = "Pods/Target Support Files/Pods-OptimizedTableView/Pods-OptimizedTableView.debug.xcconfig"; sourceTree = "<group>"; };
		4CCC5C61C6316B98CBA15A04 /* libPods-OptimizedTableView.a */ = {isa = PBXFileReference; explicitFileType = archive.ar; includeInIndex = 0; path = "libPods-OptimizedTableView.a"; sourceTree = BUILT_PRODUCTS_DIR; };
		600786613D4A4C1ACB2F33AF /* Pods-OptimizedTableView.release.xcconfig */ = {isa = PBXFileReference; includeInIndex = 1; lastKnownFileType = text.xcconfig; name = "Pods-OptimizedTableView.release.xcconfig"; path = "Pods/Target Support Files/Pods-OptimizedTableView/Pods-OptimizedTableView.release.xcconfig"; sourceTree = "<group>"; };
/* End PBXFileReference section */

/* Begin PBXFrameworksBuildPhase section */
		049D293C209DAD6500497CAC /* Frameworks */ = {
			isa = PBXFrameworksBuildPhase;
			buildActionMask = 2147483647;
			files = (
				497A0BF9B46FF187861EFC27 /* libPods-OptimizedTableView.a in Frameworks */,
			);
			runOnlyForDeploymentPostprocessing = 0;
		};
/* End PBXFrameworksBuildPhase section */

/* Begin PBXGroup section */
		049D2936209DAD6500497CAC = {
			isa = PBXGroup;
			children = (
				049D2941209DAD6500497CAC /* OptimizedTableView */,
				049D2979209ED5DB00497CAC /* Info.plist */,
				049D2940209DAD6500497CAC /* Products */,
				BED4636206D5EA5F20AA0948 /* Pods */,
				EF6BC2DB2149C4AE4C97B877 /* Frameworks */,
			);
			sourceTree = "<group>";
		};
		049D2940209DAD6500497CAC /* Products */ = {
			isa = PBXGroup;
			children = (
				049D293F209DAD6500497CAC /* OptimizedTableView.app */,
			);
			name = Products;
			sourceTree = "<group>";
		};
		049D2941209DAD6500497CAC /* OptimizedTableView */ = {
			isa = PBXGroup;
			children = (
				049D297E209EE50000497CAC /* Tools */,
				049D2969209ED5B000497CAC /* View */,
				049D296A209ED5B000497CAC /* Controller */,
				049D2968209ED5B000497CAC /* Model */,
				049D295E209ED5B000497CAC /* SupportingFiles */,
			);
			path = OptimizedTableView;
			sourceTree = "<group>";
		};
		049D295E209ED5B000497CAC /* SupportingFiles */ = {
			isa = PBXGroup;
			children = (
				049D295F209ED5B000497CAC /* t_repost@2x.png */,
				049D2960209ED5B000497CAC /* t_comments@2x.png */,
				049D2962209ED5B000497CAC /* Assets.xcassets */,
				049D2963209ED5B000497CAC /* corner_circle@2x.png */,
				049D2964209ED5B000497CAC /* data.plist */,
				049D2965209ED5B000497CAC /* main.m */,
				049D2961209ED5B000497CAC /* AppDelegate.h */,
				049D2966209ED5B000497CAC /* AppDelegate.m */,
				049D298B209EEEF600497CAC /* Launch Screen.storyboard */,
			);
			path = SupportingFiles;
			sourceTree = "<group>";
		};
		049D2968209ED5B000497CAC /* Model */ = {
			isa = PBXGroup;
			children = (
				049D2988209EEBBD00497CAC /* MXContent.h */,
				049D2989209EEBBD00497CAC /* MXContent.m */,
			);
			path = Model;
			sourceTree = "<group>";
		};
		049D2969209ED5B000497CAC /* View */ = {
			isa = PBXGroup;
			children = (
				049D297B209ED73E00497CAC /* MXBestTableViewCell.h */,
				049D297C209ED73E00497CAC /* MXBestTableViewCell.m */,
			);
			path = View;
			sourceTree = "<group>";
		};
		049D296A209ED5B000497CAC /* Controller */ = {
			isa = PBXGroup;
			children = (
				049D296B209ED5B000497CAC /* MXViewController.h */,
				049D296D209ED5B000497CAC /* MXViewController.m */,
				049D296C209ED5B000497CAC /* MXBestTableView.h */,
				049D296E209ED5B000497CAC /* MXBestTableView.m */,
			);
			path = Controller;
			sourceTree = "<group>";
		};
		049D297E209EE50000497CAC /* Tools */ = {
			isa = PBXGroup;
			children = (
				049D2982209EE50000497CAC /* NSString+Additions.h */,
				049D297F209EE50000497CAC /* NSString+Additions.m */,
				049D2981209EE50000497CAC /* UIScreen+Additions.h */,
				049D2983209EE50000497CAC /* UIScreen+Additions.m */,
				049D2984209EE50000497CAC /* UIView+Additions.h */,
				049D2980209EE50000497CAC /* UIView+Additions.m */,
			);
			path = Tools;
			sourceTree = "<group>";
		};
		BED4636206D5EA5F20AA0948 /* Pods */ = {
			isa = PBXGroup;
			children = (
				2A0E91D0A635E2E7E491FC76 /* Pods-OptimizedTableView.debug.xcconfig */,
				600786613D4A4C1ACB2F33AF /* Pods-OptimizedTableView.release.xcconfig */,
			);
			name = Pods;
			sourceTree = "<group>";
		};
		EF6BC2DB2149C4AE4C97B877 /* Frameworks */ = {
			isa = PBXGroup;
			children = (
				4CCC5C61C6316B98CBA15A04 /* libPods-OptimizedTableView.a */,
			);
			name = Frameworks;
			sourceTree = "<group>";
		};
/* End PBXGroup section */

/* Begin PBXNativeTarget section */
		049D293E209DAD6500497CAC /* OptimizedTableView */ = {
			isa = PBXNativeTarget;
			buildConfigurationList = 049D2955209DAD6700497CAC /* Build configuration list for PBXNativeTarget "OptimizedTableView" */;
			buildPhases = (
				DE0167122DB1DC29B68F0F55 /* [CP] Check Pods Manifest.lock */,
				049D293B209DAD6500497CAC /* Sources */,
				049D293C209DAD6500497CAC /* Frameworks */,
				049D293D209DAD6500497CAC /* Resources */,
			);
			buildRules = (
			);
			dependencies = (
			);
			name = OptimizedTableView;
			productName = OptimizedTableView;
			productReference = 049D293F209DAD6500497CAC /* OptimizedTableView.app */;
			productType = "com.apple.product-type.application";
		};
/* End PBXNativeTarget section */

/* Begin PBXProject section */
		049D2937209DAD6500497CAC /* Project object */ = {
			isa = PBXProject;
			attributes = {
				CLASSPREFIX = MX;
				LastUpgradeCheck = 0930;
				ORGANIZATIONNAME = mac;
				TargetAttributes = {
					049D293E209DAD6500497CAC = {
						CreatedOnToolsVersion = 9.3;
					};
				};
			};
			buildConfigurationList = 049D293A209DAD6500497CAC /* Build configuration list for PBXProject "OptimizedTableView" */;
			compatibilityVersion = "Xcode 9.3";
			developmentRegion = en;
			hasScannedForEncodings = 0;
			knownRegions = (
				en,
				Base,
			);
			mainGroup = 049D2936209DAD6500497CAC;
			productRefGroup = 049D2940209DAD6500497CAC /* Products */;
			projectDirPath = "";
			projectRoot = "";
			targets = (
				049D293E209DAD6500497CAC /* OptimizedTableView */,
			);
		};
/* End PBXProject section */

/* Begin PBXResourcesBuildPhase section */
		049D293D209DAD6500497CAC /* Resources */ = {
			isa = PBXResourcesBuildPhase;
			buildActionMask = 2147483647;
			files = (
				049D298C209EEEF600497CAC /* Launch Screen.storyboard in Resources */,
				049D296F209ED5B000497CAC /* t_repost@2x.png in Resources */,
				049D2971209ED5B000497CAC /* Assets.xcassets in Resources */,
				049D2970209ED5B000497CAC /* t_comments@2x.png in Resources */,
				049D2973209ED5B000497CAC /* data.plist in Resources */,
				049D2972209ED5B000497CAC /* corner_circle@2x.png in Resources */,
			);
			runOnlyForDeploymentPostprocessing = 0;
		};
/* End PBXResourcesBuildPhase section */

/* Begin PBXShellScriptBuildPhase section */
		DE0167122DB1DC29B68F0F55 /* [CP] Check Pods Manifest.lock */ = {
			isa = PBXShellScriptBuildPhase;
			buildActionMask = 2147483647;
			files = (
			);
			inputPaths = (
				"${PODS_PODFILE_DIR_PATH}/Podfile.lock",
				"${PODS_ROOT}/Manifest.lock",
			);
			name = "[CP] Check Pods Manifest.lock";
			outputPaths = (
				"$(DERIVED_FILE_DIR)/Pods-OptimizedTableView-checkManifestLockResult.txt",
			);
			runOnlyForDeploymentPostprocessing = 0;
			shellPath = /bin/sh;
			shellScript = "diff \"${PODS_PODFILE_DIR_PATH}/Podfile.lock\" \"${PODS_ROOT}/Manifest.lock\" > /dev/null\nif [ $? != 0 ] ; then\n    # print error to STDERR\n    echo \"error: The sandbox is not in sync with the Podfile.lock. Run 'pod install' or update your CocoaPods installation.\" >&2\n    exit 1\nfi\n# This output is used by Xcode 'outputs' to avoid re-running this script phase.\necho \"SUCCESS\" > \"${SCRIPT_OUTPUT_FILE_0}\"\n";
			showEnvVarsInLog = 0;
		};
/* End PBXShellScriptBuildPhase section */

/* Begin PBXSourcesBuildPhase section */
		049D293B209DAD6500497CAC /* Sources */ = {
			isa = PBXSourcesBuildPhase;
			buildActionMask = 2147483647;
			files = (
				049D297D209ED73F00497CAC /* MXBestTableViewCell.m in Sources */,
				049D2974209ED5B000497CAC /* main.m in Sources */,
				049D2977209ED5B000497CAC /* MXViewController.m in Sources */,
				049D2978209ED5B000497CAC /* MXBestTableView.m in Sources */,
				049D2975209ED5B000497CAC /* AppDelegate.m in Sources */,
				049D298A209EEBBD00497CAC /* MXContent.m in Sources */,
				049D2986209EE50100497CAC /* UIView+Additions.m in Sources */,
				049D2985209EE50100497CAC /* NSString+Additions.m in Sources */,
				049D2987209EE50100497CAC /* UIScreen+Additions.m in Sources */,
			);
			runOnlyForDeploymentPostprocessing = 0;
		};
/* End PBXSourcesBuildPhase section */

/* Begin XCBuildConfiguration section */
		049D2953209DAD6700497CAC /* Debug */ = {
			isa = XCBuildConfiguration;
			buildSettings = {
				ALWAYS_SEARCH_USER_PATHS = NO;
				CLANG_ANALYZER_NONNULL = YES;
				CLANG_ANALYZER_NUMBER_OBJECT_CONVERSION = YES_AGGRESSIVE;
				CLANG_CXX_LANGUAGE_STANDARD = "gnu++14";
				CLANG_CXX_LIBRARY = "libc++";
				CLANG_ENABLE_MODULES = YES;
				CLANG_ENABLE_OBJC_ARC = YES;
				CLANG_ENABLE_OBJC_WEAK = YES;
				CLANG_WARN_BLOCK_CAPTURE_AUTORELEASING = YES;
				CLANG_WARN_BOOL_CONVERSION = YES;
				CLANG_WARN_COMMA = YES;
				CLANG_WARN_CONSTANT_CONVERSION = YES;
				CLANG_WARN_DEPRECATED_OBJC_IMPLEMENTATIONS = YES;
				CLANG_WARN_DIRECT_OBJC_ISA_USAGE = YES_ERROR;
				CLANG_WARN_DOCUMENTATION_COMMENTS = YES;
				CLANG_WARN_EMPTY_BODY = YES;
				CLANG_WARN_ENUM_CONVERSION = YES;
				CLANG_WARN_INFINITE_RECURSION = YES;
				CLANG_WARN_INT_CONVERSION = YES;
				CLANG_WARN_NON_LITERAL_NULL_CONVERSION = YES;
				CLANG_WARN_OBJC_IMPLICIT_RETAIN_SELF = YES;
				CLANG_WARN_OBJC_LITERAL_CONVERSION = YES;
				CLANG_WARN_OBJC_ROOT_CLASS = YES_ERROR;
				CLANG_WARN_RANGE_LOOP_ANALYSIS = YES;
				CLANG_WARN_STRICT_PROTOTYPES = YES;
				CLANG_WARN_SUSPICIOUS_MOVE = YES;
				CLANG_WARN_UNGUARDED_AVAILABILITY = YES_AGGRESSIVE;
				CLANG_WARN_UNREACHABLE_CODE = YES;
				CLANG_WARN__DUPLICATE_METHOD_MATCH = YES;
				CODE_SIGN_IDENTITY = "iPhone Developer";
				COPY_PHASE_STRIP = NO;
				DEBUG_INFORMATION_FORMAT = dwarf;
				ENABLE_STRICT_OBJC_MSGSEND = YES;
				ENABLE_TESTABILITY = YES;
				GCC_C_LANGUAGE_STANDARD = gnu11;
				GCC_DYNAMIC_NO_PIC = NO;
				GCC_NO_COMMON_BLOCKS = YES;
				GCC_OPTIMIZATION_LEVEL = 0;
				GCC_PREPROCESSOR_DEFINITIONS = (
					"DEBUG=1",
					"$(inherited)",
				);
				GCC_WARN_64_TO_32_BIT_CONVERSION = YES;
				GCC_WARN_ABOUT_RETURN_TYPE = YES_ERROR;
				GCC_WARN_UNDECLARED_SELECTOR = YES;
				GCC_WARN_UNINITIALIZED_AUTOS = YES_AGGRESSIVE;
				GCC_WARN_UNUSED_FUNCTION = YES;
				GCC_WARN_UNUSED_VARIABLE = YES;
				IPHONEOS_DEPLOYMENT_TARGET = 11.3;
				MTL_ENABLE_DEBUG_INFO = YES;
				ONLY_ACTIVE_ARCH = YES;
				SDKROOT = iphoneos;
			};
			name = Debug;
		};
		049D2954209DAD6700497CAC /* Release */ = {
			isa = XCBuildConfiguration;
			buildSettings = {
				ALWAYS_SEARCH_USER_PATHS = NO;
				CLANG_ANALYZER_NONNULL = YES;
				CLANG_ANALYZER_NUMBER_OBJECT_CONVERSION = YES_AGGRESSIVE;
				CLANG_CXX_LANGUAGE_STANDARD = "gnu++14";
				CLANG_CXX_LIBRARY = "libc++";
				CLANG_ENABLE_MODULES = YES;
				CLANG_ENABLE_OBJC_ARC = YES;
				CLANG_ENABLE_OBJC_WEAK = YES;
				CLANG_WARN_BLOCK_CAPTURE_AUTORELEASING = YES;
				CLANG_WARN_BOOL_CONVERSION = YES;
				CLANG_WARN_COMMA = YES;
				CLANG_WARN_CONSTANT_CONVERSION = YES;
				CLANG_WARN_DEPRECATED_OBJC_IMPLEMENTATIONS = YES;
				CLANG_WARN_DIRECT_OBJC_ISA_USAGE = YES_ERROR;
				CLANG_WARN_DOCUMENTATION_COMMENTS = YES;
				CLANG_WARN_EMPTY_BODY = YES;
				CLANG_WARN_ENUM_CONVERSION = YES;
				CLANG_WARN_INFINITE_RECURSION = YES;
				CLANG_WARN_INT_CONVERSION = YES;
				CLANG_WARN_NON_LITERAL_NULL_CONVERSION = YES;
				CLANG_WARN_OBJC_IMPLICIT_RETAIN_SELF = YES;
				CLANG_WARN_OBJC_LITERAL_CONVERSION = YES;
				CLANG_WARN_OBJC_ROOT_CLASS = YES_ERROR;
				CLANG_WARN_RANGE_LOOP_ANALYSIS = YES;
				CLANG_WARN_STRICT_PROTOTYPES = YES;
				CLANG_WARN_SUSPICIOUS_MOVE = YES;
				CLANG_WARN_UNGUARDED_AVAILABILITY = YES_AGGRESSIVE;
				CLANG_WARN_UNREACHABLE_CODE = YES;
				CLANG_WARN__DUPLICATE_METHOD_MATCH = YES;
				CODE_SIGN_IDENTITY = "iPhone Developer";
				COPY_PHASE_STRIP = NO;
				DEBUG_INFORMATION_FORMAT = "dwarf-with-dsym";
				ENABLE_NS_ASSERTIONS = NO;
				ENABLE_STRICT_OBJC_MSGSEND = YES;
				GCC_C_LANGUAGE_STANDARD = gnu11;
				GCC_NO_COMMON_BLOCKS = YES;
				GCC_WARN_64_TO_32_BIT_CONVERSION = YES;
				GCC_WARN_ABOUT_RETURN_TYPE = YES_ERROR;
				GCC_WARN_UNDECLARED_SELECTOR = YES;
				GCC_WARN_UNINITIALIZED_AUTOS = YES_AGGRESSIVE;
				GCC_WARN_UNUSED_FUNCTION = YES;
				GCC_WARN_UNUSED_VARIABLE = YES;
				IPHONEOS_DEPLOYMENT_TARGET = 11.3;
				MTL_ENABLE_DEBUG_INFO = NO;
				SDKROOT = iphoneos;
				VALIDATE_PRODUCT = YES;
			};
			name = Release;
		};
		049D2956209DAD6700497CAC /* Debug */ = {
			isa = XCBuildConfiguration;
			baseConfigurationReference = 2A0E91D0A635E2E7E491FC76 /* Pods-OptimizedTableView.debug.xcconfig */;
			buildSettings = {
				ASSETCATALOG_COMPILER_APPICON_NAME = AppIcon;
				CODE_SIGN_STYLE = Automatic;
				DEVELOPMENT_TEAM = R94472JZM4;
				INFOPLIST_FILE = OptimizedTableView/Info.plist;
				LD_RUNPATH_SEARCH_PATHS = (
					"$(inherited)",
					"@executable_path/Frameworks",
				);
				PRODUCT_BUNDLE_IDENTIFIER = mac.OptimizedTableView;
				PRODUCT_NAME = "$(TARGET_NAME)";
				TARGETED_DEVICE_FAMILY = "1,2";
			};
			name = Debug;
		};
		049D2957209DAD6700497CAC /* Release */ = {
			isa = XCBuildConfiguration;
			baseConfigurationReference = 600786613D4A4C1ACB2F33AF /* Pods-OptimizedTableView.release.xcconfig */;
			buildSettings = {
				ASSETCATALOG_COMPILER_APPICON_NAME = AppIcon;
				CODE_SIGN_STYLE = Automatic;
				DEVELOPMENT_TEAM = R94472JZM4;
				INFOPLIST_FILE = OptimizedTableView/Info.plist;
				LD_RUNPATH_SEARCH_PATHS = (
					"$(inherited)",
					"@executable_path/Frameworks",
				);
				PRODUCT_BUNDLE_IDENTIFIER = mac.OptimizedTableView;
				PRODUCT_NAME = "$(TARGET_NAME)";
				TARGETED_DEVICE_FAMILY = "1,2";
			};
			name = Release;
		};
/* End XCBuildConfiguration section */

/* Begin XCConfigurationList section */
		049D293A209DAD6500497CAC /* Build configuration list for PBXProject "OptimizedTableView" */ = {
			isa = XCConfigurationList;
			buildConfigurations = (
				049D2953209DAD6700497CAC /* Debug */,
				049D2954209DAD6700497CAC /* Release */,
			);
			defaultConfigurationIsVisible = 0;
			defaultConfigurationName = Release;
		};
		049D2955209DAD6700497CAC /* Build configuration list for PBXNativeTarget "OptimizedTableView" */ = {
			isa = XCConfigurationList;
			buildConfigurations = (
				049D2956209DAD6700497CAC /* Debug */,
				049D2957209DAD6700497CAC /* Release */,
			);
			defaultConfigurationIsVisible = 0;
			defaultConfigurationName = Release;
		};
/* End XCConfigurationList section */
	};
	rootObject = 049D2937209DAD6500497CAC /* Project object */;
}
